# This file is automatically @generated by Poetry 1.5.1 and should not be changed by hand.

[[package]]
name = "anyio"
version = "3.7.1"
description = "High level compatibility layer for multiple asynchronous event loop implementations"
optional = false
python-versions = ">=3.7"
files = [
    {file = "anyio-3.7.1-py3-none-any.whl", hash = "sha256:91dee416e570e92c64041bd18b900d1d6fa78dff7048769ce5ac5ddad004fbb5"},
    {file = "anyio-3.7.1.tar.gz", hash = "sha256:44a3c9aba0f5defa43261a8b3efb97891f2bd7d804e0e1f56419befa1adfc780"},
]

[package.dependencies]
exceptiongroup = {version = "*", markers = "python_version < \"3.11\""}
idna = ">=2.8"
sniffio = ">=1.1"

[package.extras]
doc = ["Sphinx", "packaging", "sphinx-autodoc-typehints (>=1.2.0)", "sphinx-rtd-theme (>=1.2.2)", "sphinxcontrib-jquery"]
test = ["anyio[trio]", "coverage[toml] (>=4.5)", "hypothesis (>=4.0)", "mock (>=4)", "psutil (>=5.9)", "pytest (>=7.0)", "pytest-mock (>=3.6.1)", "trustme", "uvloop (>=0.17)"]
trio = ["trio (<0.22)"]

[[package]]
name = "click"
version = "8.1.4"
description = "Composable command line interface toolkit"
optional = false
python-versions = ">=3.7"
files = [
    {file = "click-8.1.4-py3-none-any.whl", hash = "sha256:2739815aaa5d2c986a88f1e9230c55e17f0caad3d958a5e13ad0797c166db9e3"},
    {file = "click-8.1.4.tar.gz", hash = "sha256:b97d0c74955da062a7d4ef92fadb583806a585b2ea81958a81bd72726cbb8e37"},
]

[package.dependencies]
colorama = {version = "*", markers = "platform_system == \"Windows\""}

[[package]]
name = "colorama"
version = "0.4.6"
description = "Cross-platform colored terminal text."
optional = false
python-versions = "!=3.0.*,!=3.1.*,!=3.2.*,!=3.3.*,!=3.4.*,!=3.5.*,!=3.6.*,>=2.7"
files = [
    {file = "colorama-0.4.6-py2.py3-none-any.whl", hash = "sha256:4f1d9991f5acc0ca119f9d443620b77f9d6b33703e51011c16baf57afb285fc6"},
    {file = "colorama-0.4.6.tar.gz", hash = "sha256:08695f5cb7ed6e0531a20572697297273c47b8cae5a63ffc6d6ed5c201be6e44"},
]

[[package]]
name = "exceptiongroup"
version = "1.1.2"
description = "Backport of PEP 654 (exception groups)"
optional = false
python-versions = ">=3.7"
files = [
    {file = "exceptiongroup-1.1.2-py3-none-any.whl", hash = "sha256:e346e69d186172ca7cf029c8c1d16235aa0e04035e5750b4b95039e65204328f"},
    {file = "exceptiongroup-1.1.2.tar.gz", hash = "sha256:12c3e887d6485d16943a309616de20ae5582633e0a2eda17f4e10fd61c1e8af5"},
]

[package.extras]
test = ["pytest (>=6)"]

[[package]]
name = "fastapi"
version = "0.97.0"
description = "FastAPI framework, high performance, easy to learn, fast to code, ready for production"
optional = false
python-versions = ">=3.7"
files = [
    {file = "fastapi-0.97.0-py3-none-any.whl", hash = "sha256:95d757511c596409930bd20673358d4a4d709004edb85c5d24d6ffc48fabcbf2"},
    {file = "fastapi-0.97.0.tar.gz", hash = "sha256:b53248ee45f64f19bb7600953696e3edf94b0f7de94df1e5433fc5c6136fa986"},
]

[package.dependencies]
pydantic = ">=1.7.4,<1.8 || >1.8,<1.8.1 || >1.8.1,<2.0.0"
starlette = ">=0.27.0,<0.28.0"

[package.extras]
all = ["email-validator (>=1.1.1)", "httpx (>=0.23.0)", "itsdangerous (>=1.1.0)", "jinja2 (>=2.11.2)", "orjson (>=3.2.1)", "python-multipart (>=0.0.5)", "pyyaml (>=5.3.1)", "ujson (>=4.0.1,!=4.0.2,!=4.1.0,!=4.2.0,!=4.3.0,!=5.0.0,!=5.1.0)", "uvicorn[standard] (>=0.12.0)"]

[[package]]
name = "greenlet"
version = "2.0.2"
description = "Lightweight in-process concurrent programming"
optional = false
python-versions = ">=2.7,!=3.0.*,!=3.1.*,!=3.2.*,!=3.3.*,!=3.4.*"
files = [
    {file = "greenlet-2.0.2-cp27-cp27m-macosx_10_14_x86_64.whl", hash = "sha256:bdfea8c661e80d3c1c99ad7c3ff74e6e87184895bbaca6ee8cc61209f8b9b85d"},
    {file = "greenlet-2.0.2-cp27-cp27m-manylinux2010_x86_64.whl", hash = "sha256:9d14b83fab60d5e8abe587d51c75b252bcc21683f24699ada8fb275d7712f5a9"},
    {file = "greenlet-2.0.2-cp27-cp27m-win32.whl", hash = "sha256:6c3acb79b0bfd4fe733dff8bc62695283b57949ebcca05ae5c129eb606ff2d74"},
    {file = "greenlet-2.0.2-cp27-cp27m-win_amd64.whl", hash = "sha256:283737e0da3f08bd637b5ad058507e578dd462db259f7f6e4c5c365ba4ee9343"},
    {file = "greenlet-2.0.2-cp27-cp27mu-manylinux2010_x86_64.whl", hash = "sha256:d27ec7509b9c18b6d73f2f5ede2622441de812e7b1a80bbd446cb0633bd3d5ae"},
    {file = "greenlet-2.0.2-cp310-cp310-macosx_11_0_x86_64.whl", hash = "sha256:30bcf80dda7f15ac77ba5af2b961bdd9dbc77fd4ac6105cee85b0d0a5fcf74df"},
    {file = "greenlet-2.0.2-cp310-cp310-manylinux_2_17_aarch64.manylinux2014_aarch64.whl", hash = "sha256:26fbfce90728d82bc9e6c38ea4d038cba20b7faf8a0ca53a9c07b67318d46088"},
    {file = "greenlet-2.0.2-cp310-cp310-manylinux_2_17_ppc64le.manylinux2014_ppc64le.whl", hash = "sha256:9190f09060ea4debddd24665d6804b995a9c122ef5917ab26e1566dcc712ceeb"},
    {file = "greenlet-2.0.2-cp310-cp310-manylinux_2_17_x86_64.manylinux2014_x86_64.whl", hash = "sha256:d75209eed723105f9596807495d58d10b3470fa6732dd6756595e89925ce2470"},
    {file = "greenlet-2.0.2-cp310-cp310-musllinux_1_1_aarch64.whl", hash = "sha256:3a51c9751078733d88e013587b108f1b7a1fb106d402fb390740f002b6f6551a"},
    {file = "greenlet-2.0.2-cp310-cp310-musllinux_1_1_x86_64.whl", hash = "sha256:76ae285c8104046b3a7f06b42f29c7b73f77683df18c49ab5af7983994c2dd91"},
    {file = "greenlet-2.0.2-cp310-cp310-win_amd64.whl", hash = "sha256:2d4686f195e32d36b4d7cf2d166857dbd0ee9f3d20ae349b6bf8afc8485b3645"},
    {file = "greenlet-2.0.2-cp311-cp311-macosx_10_9_universal2.whl", hash = "sha256:c4302695ad8027363e96311df24ee28978162cdcdd2006476c43970b384a244c"},
    {file = "greenlet-2.0.2-cp311-cp311-manylinux_2_17_aarch64.manylinux2014_aarch64.whl", hash = "sha256:c48f54ef8e05f04d6eff74b8233f6063cb1ed960243eacc474ee73a2ea8573ca"},
    {file = "greenlet-2.0.2-cp311-cp311-manylinux_2_17_ppc64le.manylinux2014_ppc64le.whl", hash = "sha256:a1846f1b999e78e13837c93c778dcfc3365902cfb8d1bdb7dd73ead37059f0d0"},
    {file = "greenlet-2.0.2-cp311-cp311-manylinux_2_17_x86_64.manylinux2014_x86_64.whl", hash = "sha256:3a06ad5312349fec0ab944664b01d26f8d1f05009566339ac6f63f56589bc1a2"},
    {file = "greenlet-2.0.2-cp311-cp311-musllinux_1_1_aarch64.whl", hash = "sha256:eff4eb9b7eb3e4d0cae3d28c283dc16d9bed6b193c2e1ace3ed86ce48ea8df19"},
    {file = "greenlet-2.0.2-cp311-cp311-musllinux_1_1_x86_64.whl", hash = "sha256:5454276c07d27a740c5892f4907c86327b632127dd9abec42ee62e12427ff7e3"},
    {file = "greenlet-2.0.2-cp311-cp311-win_amd64.whl", hash = "sha256:7cafd1208fdbe93b67c7086876f061f660cfddc44f404279c1585bbf3cdc64c5"},
    {file = "greenlet-2.0.2-cp35-cp35m-macosx_10_14_x86_64.whl", hash = "sha256:910841381caba4f744a44bf81bfd573c94e10b3045ee00de0cbf436fe50673a6"},
    {file = "greenlet-2.0.2-cp35-cp35m-manylinux2010_x86_64.whl", hash = "sha256:18a7f18b82b52ee85322d7a7874e676f34ab319b9f8cce5de06067384aa8ff43"},
    {file = "greenlet-2.0.2-cp35-cp35m-win32.whl", hash = "sha256:03a8f4f3430c3b3ff8d10a2a86028c660355ab637cee9333d63d66b56f09d52a"},
    {file = "greenlet-2.0.2-cp35-cp35m-win_amd64.whl", hash = "sha256:4b58adb399c4d61d912c4c331984d60eb66565175cdf4a34792cd9600f21b394"},
    {file = "greenlet-2.0.2-cp36-cp36m-macosx_10_14_x86_64.whl", hash = "sha256:703f18f3fda276b9a916f0934d2fb6d989bf0b4fb5a64825260eb9bfd52d78f0"},
    {file = "greenlet-2.0.2-cp36-cp36m-manylinux2010_x86_64.whl", hash = "sha256:32e5b64b148966d9cccc2c8d35a671409e45f195864560829f395a54226408d3"},
    {file = "greenlet-2.0.2-cp36-cp36m-manylinux_2_17_aarch64.manylinux2014_aarch64.whl", hash = "sha256:2dd11f291565a81d71dab10b7033395b7a3a5456e637cf997a6f33ebdf06f8db"},
    {file = "greenlet-2.0.2-cp36-cp36m-manylinux_2_17_ppc64le.manylinux2014_ppc64le.whl", hash = "sha256:e0f72c9ddb8cd28532185f54cc1453f2c16fb417a08b53a855c4e6a418edd099"},
    {file = "greenlet-2.0.2-cp36-cp36m-manylinux_2_17_x86_64.manylinux2014_x86_64.whl", hash = "sha256:cd021c754b162c0fb55ad5d6b9d960db667faad0fa2ff25bb6e1301b0b6e6a75"},
    {file = "greenlet-2.0.2-cp36-cp36m-musllinux_1_1_aarch64.whl", hash = "sha256:3c9b12575734155d0c09d6c3e10dbd81665d5c18e1a7c6597df72fd05990c8cf"},
    {file = "greenlet-2.0.2-cp36-cp36m-musllinux_1_1_x86_64.whl", hash = "sha256:b9ec052b06a0524f0e35bd8790686a1da006bd911dd1ef7d50b77bfbad74e292"},
    {file = "greenlet-2.0.2-cp36-cp36m-win32.whl", hash = "sha256:dbfcfc0218093a19c252ca8eb9aee3d29cfdcb586df21049b9d777fd32c14fd9"},
    {file = "greenlet-2.0.2-cp36-cp36m-win_amd64.whl", hash = "sha256:9f35ec95538f50292f6d8f2c9c9f8a3c6540bbfec21c9e5b4b751e0a7c20864f"},
    {file = "greenlet-2.0.2-cp37-cp37m-macosx_10_15_x86_64.whl", hash = "sha256:d5508f0b173e6aa47273bdc0a0b5ba055b59662ba7c7ee5119528f466585526b"},
    {file = "greenlet-2.0.2-cp37-cp37m-manylinux2010_x86_64.whl", hash = "sha256:f82d4d717d8ef19188687aa32b8363e96062911e63ba22a0cff7802a8e58e5f1"},
    {file = "greenlet-2.0.2-cp37-cp37m-manylinux_2_17_aarch64.manylinux2014_aarch64.whl", hash = "sha256:c9c59a2120b55788e800d82dfa99b9e156ff8f2227f07c5e3012a45a399620b7"},
    {file = "greenlet-2.0.2-cp37-cp37m-manylinux_2_17_ppc64le.manylinux2014_ppc64le.whl", hash = "sha256:2780572ec463d44c1d3ae850239508dbeb9fed38e294c68d19a24d925d9223ca"},
    {file = "greenlet-2.0.2-cp37-cp37m-manylinux_2_17_x86_64.manylinux2014_x86_64.whl", hash = "sha256:937e9020b514ceedb9c830c55d5c9872abc90f4b5862f89c0887033ae33c6f73"},
    {file = "greenlet-2.0.2-cp37-cp37m-musllinux_1_1_aarch64.whl", hash = "sha256:36abbf031e1c0f79dd5d596bfaf8e921c41df2bdf54ee1eed921ce1f52999a86"},
    {file = "greenlet-2.0.2-cp37-cp37m-musllinux_1_1_x86_64.whl", hash = "sha256:18e98fb3de7dba1c0a852731c3070cf022d14f0d68b4c87a19cc1016f3bb8b33"},
    {file = "greenlet-2.0.2-cp37-cp37m-win32.whl", hash = "sha256:3f6ea9bd35eb450837a3d80e77b517ea5bc56b4647f5502cd28de13675ee12f7"},
    {file = "greenlet-2.0.2-cp37-cp37m-win_amd64.whl", hash = "sha256:7492e2b7bd7c9b9916388d9df23fa49d9b88ac0640db0a5b4ecc2b653bf451e3"},
    {file = "greenlet-2.0.2-cp38-cp38-macosx_10_15_x86_64.whl", hash = "sha256:b864ba53912b6c3ab6bcb2beb19f19edd01a6bfcbdfe1f37ddd1778abfe75a30"},
    {file = "greenlet-2.0.2-cp38-cp38-manylinux2010_x86_64.whl", hash = "sha256:ba2956617f1c42598a308a84c6cf021a90ff3862eddafd20c3333d50f0edb45b"},
    {file = "greenlet-2.0.2-cp38-cp38-manylinux_2_17_aarch64.manylinux2014_aarch64.whl", hash = "sha256:fc3a569657468b6f3fb60587e48356fe512c1754ca05a564f11366ac9e306526"},
    {file = "greenlet-2.0.2-cp38-cp38-manylinux_2_17_ppc64le.manylinux2014_ppc64le.whl", hash = "sha256:8eab883b3b2a38cc1e050819ef06a7e6344d4a990d24d45bc6f2cf959045a45b"},
    {file = "greenlet-2.0.2-cp38-cp38-manylinux_2_17_x86_64.manylinux2014_x86_64.whl", hash = "sha256:acd2162a36d3de67ee896c43effcd5ee3de247eb00354db411feb025aa319857"},
    {file = "greenlet-2.0.2-cp38-cp38-musllinux_1_1_aarch64.whl", hash = "sha256:0bf60faf0bc2468089bdc5edd10555bab6e85152191df713e2ab1fcc86382b5a"},
    {file = "greenlet-2.0.2-cp38-cp38-musllinux_1_1_x86_64.whl", hash = "sha256:b0ef99cdbe2b682b9ccbb964743a6aca37905fda5e0452e5ee239b1654d37f2a"},
    {file = "greenlet-2.0.2-cp38-cp38-win32.whl", hash = "sha256:b80f600eddddce72320dbbc8e3784d16bd3fb7b517e82476d8da921f27d4b249"},
    {file = "greenlet-2.0.2-cp38-cp38-win_amd64.whl", hash = "sha256:4d2e11331fc0c02b6e84b0d28ece3a36e0548ee1a1ce9ddde03752d9b79bba40"},
    {file = "greenlet-2.0.2-cp39-cp39-macosx_11_0_x86_64.whl", hash = "sha256:88d9ab96491d38a5ab7c56dd7a3cc37d83336ecc564e4e8816dbed12e5aaefc8"},
    {file = "greenlet-2.0.2-cp39-cp39-manylinux2010_x86_64.whl", hash = "sha256:561091a7be172ab497a3527602d467e2b3fbe75f9e783d8b8ce403fa414f71a6"},
    {file = "greenlet-2.0.2-cp39-cp39-manylinux_2_17_aarch64.manylinux2014_aarch64.whl", hash = "sha256:971ce5e14dc5e73715755d0ca2975ac88cfdaefcaab078a284fea6cfabf866df"},
    {file = "greenlet-2.0.2-cp39-cp39-manylinux_2_17_ppc64le.manylinux2014_ppc64le.whl", hash = "sha256:be4ed120b52ae4d974aa40215fcdfde9194d63541c7ded40ee12eb4dda57b76b"},
    {file = "greenlet-2.0.2-cp39-cp39-manylinux_2_17_x86_64.manylinux2014_x86_64.whl", hash = "sha256:94c817e84245513926588caf1152e3b559ff794d505555211ca041f032abbb6b"},
    {file = "greenlet-2.0.2-cp39-cp39-musllinux_1_1_aarch64.whl", hash = "sha256:1a819eef4b0e0b96bb0d98d797bef17dc1b4a10e8d7446be32d1da33e095dbb8"},
    {file = "greenlet-2.0.2-cp39-cp39-musllinux_1_1_x86_64.whl", hash = "sha256:7efde645ca1cc441d6dc4b48c0f7101e8d86b54c8530141b09fd31cef5149ec9"},
    {file = "greenlet-2.0.2-cp39-cp39-win32.whl", hash = "sha256:ea9872c80c132f4663822dd2a08d404073a5a9b5ba6155bea72fb2a79d1093b5"},
    {file = "greenlet-2.0.2-cp39-cp39-win_amd64.whl", hash = "sha256:db1a39669102a1d8d12b57de2bb7e2ec9066a6f2b3da35ae511ff93b01b5d564"},
    {file = "greenlet-2.0.2.tar.gz", hash = "sha256:e7c8dc13af7db097bed64a051d2dd49e9f0af495c26995c00a9ee842690d34c0"},
]

[package.extras]
docs = ["Sphinx", "docutils (<0.18)"]
test = ["objgraph", "psutil"]

[[package]]
name = "h11"
version = "0.14.0"
description = "A pure-Python, bring-your-own-I/O implementation of HTTP/1.1"
optional = false
python-versions = ">=3.7"
files = [
    {file = "h11-0.14.0-py3-none-any.whl", hash = "sha256:e3fe4ac4b851c468cc8363d500db52c2ead036020723024a109d37346efaa761"},
    {file = "h11-0.14.0.tar.gz", hash = "sha256:8f19fbbe99e72420ff35c00b27a34cb9937e902a8b810e2c88300c6f0a3b699d"},
]

[[package]]
name = "idna"
version = "3.4"
description = "Internationalized Domain Names in Applications (IDNA)"
optional = false
python-versions = ">=3.5"
files = [
    {file = "idna-3.4-py3-none-any.whl", hash = "sha256:90b77e79eaa3eba6de819a0c442c0b4ceefc341a7a2ab77d7562bf49f425c5c2"},
    {file = "idna-3.4.tar.gz", hash = "sha256:814f528e8dead7d329833b91c5faa87d60bf71824cd12a7530b5526063d02cb4"},
]

[[package]]
name = "passlib"
version = "1.7.4"
description = "comprehensive password hashing framework supporting over 30 schemes"
optional = false
python-versions = "*"
files = [
    {file = "passlib-1.7.4-py2.py3-none-any.whl", hash = "sha256:aa6bca462b8d8bda89c70b382f0c298a20b5560af6cbfa2dce410c0a2fb669f1"},
    {file = "passlib-1.7.4.tar.gz", hash = "sha256:defd50f72b65c5402ab2c573830a6978e5f202ad0d984793c8dde2c4152ebe04"},
]

[package.extras]
argon2 = ["argon2-cffi (>=18.2.0)"]
bcrypt = ["bcrypt (>=3.1.0)"]
build-docs = ["cloud-sptheme (>=1.10.1)", "sphinx (>=1.6)", "sphinxcontrib-fulltoc (>=1.2.0)"]
totp = ["cryptography"]

[[package]]
name = "psycopg2-binary"
version = "2.9.6"
description = "psycopg2 - Python-PostgreSQL Database Adapter"
optional = false
python-versions = ">=3.6"
files = [
    {file = "psycopg2-binary-2.9.6.tar.gz", hash = "sha256:1f64dcfb8f6e0c014c7f55e51c9759f024f70ea572fbdef123f85318c297947c"},
    {file = "psycopg2_binary-2.9.6-cp310-cp310-macosx_10_9_x86_64.whl", hash = "sha256:d26e0342183c762de3276cca7a530d574d4e25121ca7d6e4a98e4f05cb8e4df7"},
    {file = "psycopg2_binary-2.9.6-cp310-cp310-macosx_11_0_arm64.whl", hash = "sha256:c48d8f2db17f27d41fb0e2ecd703ea41984ee19362cbce52c097963b3a1b4365"},
    {file = "psycopg2_binary-2.9.6-cp310-cp310-manylinux_2_17_aarch64.manylinux2014_aarch64.whl", hash = "sha256:ffe9dc0a884a8848075e576c1de0290d85a533a9f6e9c4e564f19adf8f6e54a7"},
    {file = "psycopg2_binary-2.9.6-cp310-cp310-manylinux_2_17_i686.manylinux2014_i686.whl", hash = "sha256:8a76e027f87753f9bd1ab5f7c9cb8c7628d1077ef927f5e2446477153a602f2c"},
    {file = "psycopg2_binary-2.9.6-cp310-cp310-manylinux_2_17_ppc64le.manylinux2014_ppc64le.whl", hash = "sha256:6460c7a99fc939b849431f1e73e013d54aa54293f30f1109019c56a0b2b2ec2f"},
    {file = "psycopg2_binary-2.9.6-cp310-cp310-manylinux_2_17_x86_64.manylinux2014_x86_64.whl", hash = "sha256:ae102a98c547ee2288637af07393dd33f440c25e5cd79556b04e3fca13325e5f"},
    {file = "psycopg2_binary-2.9.6-cp310-cp310-musllinux_1_1_aarch64.whl", hash = "sha256:9972aad21f965599ed0106f65334230ce826e5ae69fda7cbd688d24fa922415e"},
    {file = "psycopg2_binary-2.9.6-cp310-cp310-musllinux_1_1_i686.whl", hash = "sha256:7a40c00dbe17c0af5bdd55aafd6ff6679f94a9be9513a4c7e071baf3d7d22a70"},
    {file = "psycopg2_binary-2.9.6-cp310-cp310-musllinux_1_1_ppc64le.whl", hash = "sha256:cacbdc5839bdff804dfebc058fe25684cae322987f7a38b0168bc1b2df703fb1"},
    {file = "psycopg2_binary-2.9.6-cp310-cp310-musllinux_1_1_x86_64.whl", hash = "sha256:7f0438fa20fb6c7e202863e0d5ab02c246d35efb1d164e052f2f3bfe2b152bd0"},
    {file = "psycopg2_binary-2.9.6-cp310-cp310-win32.whl", hash = "sha256:b6c8288bb8a84b47e07013bb4850f50538aa913d487579e1921724631d02ea1b"},
    {file = "psycopg2_binary-2.9.6-cp310-cp310-win_amd64.whl", hash = "sha256:61b047a0537bbc3afae10f134dc6393823882eb263088c271331602b672e52e9"},
    {file = "psycopg2_binary-2.9.6-cp311-cp311-macosx_10_9_x86_64.whl", hash = "sha256:964b4dfb7c1c1965ac4c1978b0f755cc4bd698e8aa2b7667c575fb5f04ebe06b"},
    {file = "psycopg2_binary-2.9.6-cp311-cp311-macosx_11_0_arm64.whl", hash = "sha256:afe64e9b8ea66866a771996f6ff14447e8082ea26e675a295ad3bdbffdd72afb"},
    {file = "psycopg2_binary-2.9.6-cp311-cp311-manylinux_2_17_aarch64.manylinux2014_aarch64.whl", hash = "sha256:15e2ee79e7cf29582ef770de7dab3d286431b01c3bb598f8e05e09601b890081"},
    {file = "psycopg2_binary-2.9.6-cp311-cp311-manylinux_2_17_i686.manylinux2014_i686.whl", hash = "sha256:dfa74c903a3c1f0d9b1c7e7b53ed2d929a4910e272add6700c38f365a6002820"},
    {file = "psycopg2_binary-2.9.6-cp311-cp311-manylinux_2_17_ppc64le.manylinux2014_ppc64le.whl", hash = "sha256:b83456c2d4979e08ff56180a76429263ea254c3f6552cd14ada95cff1dec9bb8"},
    {file = "psycopg2_binary-2.9.6-cp311-cp311-manylinux_2_17_x86_64.manylinux2014_x86_64.whl", hash = "sha256:0645376d399bfd64da57148694d78e1f431b1e1ee1054872a5713125681cf1be"},
    {file = "psycopg2_binary-2.9.6-cp311-cp311-musllinux_1_1_aarch64.whl", hash = "sha256:e99e34c82309dd78959ba3c1590975b5d3c862d6f279f843d47d26ff89d7d7e1"},
    {file = "psycopg2_binary-2.9.6-cp311-cp311-musllinux_1_1_i686.whl", hash = "sha256:4ea29fc3ad9d91162c52b578f211ff1c931d8a38e1f58e684c45aa470adf19e2"},
    {file = "psycopg2_binary-2.9.6-cp311-cp311-musllinux_1_1_ppc64le.whl", hash = "sha256:4ac30da8b4f57187dbf449294d23b808f8f53cad6b1fc3623fa8a6c11d176dd0"},
    {file = "psycopg2_binary-2.9.6-cp311-cp311-musllinux_1_1_x86_64.whl", hash = "sha256:e78e6e2a00c223e164c417628572a90093c031ed724492c763721c2e0bc2a8df"},
    {file = "psycopg2_binary-2.9.6-cp311-cp311-win32.whl", hash = "sha256:1876843d8e31c89c399e31b97d4b9725a3575bb9c2af92038464231ec40f9edb"},
    {file = "psycopg2_binary-2.9.6-cp311-cp311-win_amd64.whl", hash = "sha256:b4b24f75d16a89cc6b4cdff0eb6a910a966ecd476d1e73f7ce5985ff1328e9a6"},
    {file = "psycopg2_binary-2.9.6-cp36-cp36m-win32.whl", hash = "sha256:498807b927ca2510baea1b05cc91d7da4718a0f53cb766c154c417a39f1820a0"},
    {file = "psycopg2_binary-2.9.6-cp36-cp36m-win_amd64.whl", hash = "sha256:0d236c2825fa656a2d98bbb0e52370a2e852e5a0ec45fc4f402977313329174d"},
    {file = "psycopg2_binary-2.9.6-cp37-cp37m-macosx_10_9_x86_64.whl", hash = "sha256:34b9ccdf210cbbb1303c7c4db2905fa0319391bd5904d32689e6dd5c963d2ea8"},
    {file = "psycopg2_binary-2.9.6-cp37-cp37m-manylinux_2_17_aarch64.manylinux2014_aarch64.whl", hash = "sha256:84d2222e61f313c4848ff05353653bf5f5cf6ce34df540e4274516880d9c3763"},
    {file = "psycopg2_binary-2.9.6-cp37-cp37m-manylinux_2_17_i686.manylinux2014_i686.whl", hash = "sha256:30637a20623e2a2eacc420059be11527f4458ef54352d870b8181a4c3020ae6b"},
    {file = "psycopg2_binary-2.9.6-cp37-cp37m-manylinux_2_17_ppc64le.manylinux2014_ppc64le.whl", hash = "sha256:8122cfc7cae0da9a3077216528b8bb3629c43b25053284cc868744bfe71eb141"},
    {file = "psycopg2_binary-2.9.6-cp37-cp37m-manylinux_2_17_x86_64.manylinux2014_x86_64.whl", hash = "sha256:38601cbbfe600362c43714482f43b7c110b20cb0f8172422c616b09b85a750c5"},
    {file = "psycopg2_binary-2.9.6-cp37-cp37m-musllinux_1_1_aarch64.whl", hash = "sha256:c7e62ab8b332147a7593a385d4f368874d5fe4ad4e341770d4983442d89603e3"},
    {file = "psycopg2_binary-2.9.6-cp37-cp37m-musllinux_1_1_i686.whl", hash = "sha256:2ab652e729ff4ad76d400df2624d223d6e265ef81bb8aa17fbd63607878ecbee"},
    {file = "psycopg2_binary-2.9.6-cp37-cp37m-musllinux_1_1_ppc64le.whl", hash = "sha256:c83a74b68270028dc8ee74d38ecfaf9c90eed23c8959fca95bd703d25b82c88e"},
    {file = "psycopg2_binary-2.9.6-cp37-cp37m-musllinux_1_1_x86_64.whl", hash = "sha256:d4e6036decf4b72d6425d5b29bbd3e8f0ff1059cda7ac7b96d6ac5ed34ffbacd"},
    {file = "psycopg2_binary-2.9.6-cp37-cp37m-win32.whl", hash = "sha256:a8c28fd40a4226b4a84bdf2d2b5b37d2c7bd49486b5adcc200e8c7ec991dfa7e"},
    {file = "psycopg2_binary-2.9.6-cp37-cp37m-win_amd64.whl", hash = "sha256:51537e3d299be0db9137b321dfb6a5022caaab275775680e0c3d281feefaca6b"},
    {file = "psycopg2_binary-2.9.6-cp38-cp38-macosx_10_9_x86_64.whl", hash = "sha256:cf4499e0a83b7b7edcb8dabecbd8501d0d3a5ef66457200f77bde3d210d5debb"},
    {file = "psycopg2_binary-2.9.6-cp38-cp38-macosx_11_0_arm64.whl", hash = "sha256:7e13a5a2c01151f1208d5207e42f33ba86d561b7a89fca67c700b9486a06d0e2"},
    {file = "psycopg2_binary-2.9.6-cp38-cp38-manylinux_2_17_aarch64.manylinux2014_aarch64.whl", hash = "sha256:0e0f754d27fddcfd74006455b6e04e6705d6c31a612ec69ddc040a5468e44b4e"},
    {file = "psycopg2_binary-2.9.6-cp38-cp38-manylinux_2_17_i686.manylinux2014_i686.whl", hash = "sha256:d57c3fd55d9058645d26ae37d76e61156a27722097229d32a9e73ed54819982a"},
    {file = "psycopg2_binary-2.9.6-cp38-cp38-manylinux_2_17_ppc64le.manylinux2014_ppc64le.whl", hash = "sha256:71f14375d6f73b62800530b581aed3ada394039877818b2d5f7fc77e3bb6894d"},
    {file = "psycopg2_binary-2.9.6-cp38-cp38-manylinux_2_17_x86_64.manylinux2014_x86_64.whl", hash = "sha256:441cc2f8869a4f0f4bb408475e5ae0ee1f3b55b33f350406150277f7f35384fc"},
    {file = "psycopg2_binary-2.9.6-cp38-cp38-musllinux_1_1_aarch64.whl", hash = "sha256:65bee1e49fa6f9cf327ce0e01c4c10f39165ee76d35c846ade7cb0ec6683e303"},
    {file = "psycopg2_binary-2.9.6-cp38-cp38-musllinux_1_1_i686.whl", hash = "sha256:af335bac6b666cc6aea16f11d486c3b794029d9df029967f9938a4bed59b6a19"},
    {file = "psycopg2_binary-2.9.6-cp38-cp38-musllinux_1_1_ppc64le.whl", hash = "sha256:cfec476887aa231b8548ece2e06d28edc87c1397ebd83922299af2e051cf2827"},
    {file = "psycopg2_binary-2.9.6-cp38-cp38-musllinux_1_1_x86_64.whl", hash = "sha256:65c07febd1936d63bfde78948b76cd4c2a411572a44ac50719ead41947d0f26b"},
    {file = "psycopg2_binary-2.9.6-cp38-cp38-win32.whl", hash = "sha256:4dfb4be774c4436a4526d0c554af0cc2e02082c38303852a36f6456ece7b3503"},
    {file = "psycopg2_binary-2.9.6-cp38-cp38-win_amd64.whl", hash = "sha256:02c6e3cf3439e213e4ee930308dc122d6fb4d4bea9aef4a12535fbd605d1a2fe"},
    {file = "psycopg2_binary-2.9.6-cp39-cp39-macosx_10_9_x86_64.whl", hash = "sha256:e9182eb20f41417ea1dd8e8f7888c4d7c6e805f8a7c98c1081778a3da2bee3e4"},
    {file = "psycopg2_binary-2.9.6-cp39-cp39-macosx_11_0_arm64.whl", hash = "sha256:8a6979cf527e2603d349a91060f428bcb135aea2be3201dff794813256c274f1"},
    {file = "psycopg2_binary-2.9.6-cp39-cp39-manylinux_2_17_aarch64.manylinux2014_aarch64.whl", hash = "sha256:8338a271cb71d8da40b023a35d9c1e919eba6cbd8fa20a54b748a332c355d896"},
    {file = "psycopg2_binary-2.9.6-cp39-cp39-manylinux_2_17_i686.manylinux2014_i686.whl", hash = "sha256:e3ed340d2b858d6e6fb5083f87c09996506af483227735de6964a6100b4e6a54"},
    {file = "psycopg2_binary-2.9.6-cp39-cp39-manylinux_2_17_ppc64le.manylinux2014_ppc64le.whl", hash = "sha256:f81e65376e52f03422e1fb475c9514185669943798ed019ac50410fb4c4df232"},
    {file = "psycopg2_binary-2.9.6-cp39-cp39-manylinux_2_17_x86_64.manylinux2014_x86_64.whl", hash = "sha256:bfb13af3c5dd3a9588000910178de17010ebcccd37b4f9794b00595e3a8ddad3"},
    {file = "psycopg2_binary-2.9.6-cp39-cp39-musllinux_1_1_aarch64.whl", hash = "sha256:4c727b597c6444a16e9119386b59388f8a424223302d0c06c676ec8b4bc1f963"},
    {file = "psycopg2_binary-2.9.6-cp39-cp39-musllinux_1_1_i686.whl", hash = "sha256:4d67fbdaf177da06374473ef6f7ed8cc0a9dc640b01abfe9e8a2ccb1b1402c1f"},
    {file = "psycopg2_binary-2.9.6-cp39-cp39-musllinux_1_1_ppc64le.whl", hash = "sha256:0892ef645c2fabb0c75ec32d79f4252542d0caec1d5d949630e7d242ca4681a3"},
    {file = "psycopg2_binary-2.9.6-cp39-cp39-musllinux_1_1_x86_64.whl", hash = "sha256:02c0f3757a4300cf379eb49f543fb7ac527fb00144d39246ee40e1df684ab514"},
    {file = "psycopg2_binary-2.9.6-cp39-cp39-win32.whl", hash = "sha256:c3dba7dab16709a33a847e5cd756767271697041fbe3fe97c215b1fc1f5c9848"},
    {file = "psycopg2_binary-2.9.6-cp39-cp39-win_amd64.whl", hash = "sha256:f6a88f384335bb27812293fdb11ac6aee2ca3f51d3c7820fe03de0a304ab6249"},
]

[[package]]
name = "pydantic"
version = "1.10.11"
description = "Data validation and settings management using python type hints"
optional = false
python-versions = ">=3.7"
files = [
    {file = "pydantic-1.10.11-cp310-cp310-macosx_10_9_x86_64.whl", hash = "sha256:ff44c5e89315b15ff1f7fdaf9853770b810936d6b01a7bcecaa227d2f8fe444f"},
    {file = "pydantic-1.10.11-cp310-cp310-macosx_11_0_arm64.whl", hash = "sha256:a6c098d4ab5e2d5b3984d3cb2527e2d6099d3de85630c8934efcfdc348a9760e"},
    {file = "pydantic-1.10.11-cp310-cp310-manylinux_2_17_x86_64.manylinux2014_x86_64.whl", hash = "sha256:16928fdc9cb273c6af00d9d5045434c39afba5f42325fb990add2c241402d151"},
    {file = "pydantic-1.10.11-cp310-cp310-manylinux_2_5_i686.manylinux1_i686.manylinux_2_17_i686.manylinux2014_i686.whl", hash = "sha256:0588788a9a85f3e5e9ebca14211a496409cb3deca5b6971ff37c556d581854e7"},
    {file = "pydantic-1.10.11-cp310-cp310-musllinux_1_1_i686.whl", hash = "sha256:e9baf78b31da2dc3d3f346ef18e58ec5f12f5aaa17ac517e2ffd026a92a87588"},
    {file = "pydantic-1.10.11-cp310-cp310-musllinux_1_1_x86_64.whl", hash = "sha256:373c0840f5c2b5b1ccadd9286782852b901055998136287828731868027a724f"},
    {file = "pydantic-1.10.11-cp310-cp310-win_amd64.whl", hash = "sha256:c3339a46bbe6013ef7bdd2844679bfe500347ac5742cd4019a88312aa58a9847"},
    {file = "pydantic-1.10.11-cp311-cp311-macosx_10_9_x86_64.whl", hash = "sha256:08a6c32e1c3809fbc49debb96bf833164f3438b3696abf0fbeceb417d123e6eb"},
    {file = "pydantic-1.10.11-cp311-cp311-macosx_11_0_arm64.whl", hash = "sha256:a451ccab49971af043ec4e0d207cbc8cbe53dbf148ef9f19599024076fe9c25b"},
    {file = "pydantic-1.10.11-cp311-cp311-manylinux_2_17_x86_64.manylinux2014_x86_64.whl", hash = "sha256:5b02d24f7b2b365fed586ed73582c20f353a4c50e4be9ba2c57ab96f8091ddae"},
    {file = "pydantic-1.10.11-cp311-cp311-manylinux_2_5_i686.manylinux1_i686.manylinux_2_17_i686.manylinux2014_i686.whl", hash = "sha256:3f34739a89260dfa420aa3cbd069fbcc794b25bbe5c0a214f8fb29e363484b66"},
    {file = "pydantic-1.10.11-cp311-cp311-musllinux_1_1_i686.whl", hash = "sha256:e297897eb4bebde985f72a46a7552a7556a3dd11e7f76acda0c1093e3dbcf216"},
    {file = "pydantic-1.10.11-cp311-cp311-musllinux_1_1_x86_64.whl", hash = "sha256:d185819a7a059550ecb85d5134e7d40f2565f3dd94cfd870132c5f91a89cf58c"},
    {file = "pydantic-1.10.11-cp311-cp311-win_amd64.whl", hash = "sha256:4400015f15c9b464c9db2d5d951b6a780102cfa5870f2c036d37c23b56f7fc1b"},
    {file = "pydantic-1.10.11-cp37-cp37m-macosx_10_9_x86_64.whl", hash = "sha256:2417de68290434461a266271fc57274a138510dca19982336639484c73a07af6"},
    {file = "pydantic-1.10.11-cp37-cp37m-manylinux_2_17_x86_64.manylinux2014_x86_64.whl", hash = "sha256:331c031ba1554b974c98679bd0780d89670d6fd6f53f5d70b10bdc9addee1713"},
    {file = "pydantic-1.10.11-cp37-cp37m-manylinux_2_5_i686.manylinux1_i686.manylinux_2_17_i686.manylinux2014_i686.whl", hash = "sha256:8268a735a14c308923e8958363e3a3404f6834bb98c11f5ab43251a4e410170c"},
    {file = "pydantic-1.10.11-cp37-cp37m-musllinux_1_1_i686.whl", hash = "sha256:44e51ba599c3ef227e168424e220cd3e544288c57829520dc90ea9cb190c3248"},
    {file = "pydantic-1.10.11-cp37-cp37m-musllinux_1_1_x86_64.whl", hash = "sha256:d7781f1d13b19700b7949c5a639c764a077cbbdd4322ed505b449d3ca8edcb36"},
    {file = "pydantic-1.10.11-cp37-cp37m-win_amd64.whl", hash = "sha256:7522a7666157aa22b812ce14c827574ddccc94f361237ca6ea8bb0d5c38f1629"},
    {file = "pydantic-1.10.11-cp38-cp38-macosx_10_9_x86_64.whl", hash = "sha256:bc64eab9b19cd794a380179ac0e6752335e9555d214cfcb755820333c0784cb3"},
    {file = "pydantic-1.10.11-cp38-cp38-macosx_11_0_arm64.whl", hash = "sha256:8dc77064471780262b6a68fe67e013298d130414d5aaf9b562c33987dbd2cf4f"},
    {file = "pydantic-1.10.11-cp38-cp38-manylinux_2_17_x86_64.manylinux2014_x86_64.whl", hash = "sha256:fe429898f2c9dd209bd0632a606bddc06f8bce081bbd03d1c775a45886e2c1cb"},
    {file = "pydantic-1.10.11-cp38-cp38-manylinux_2_5_i686.manylinux1_i686.manylinux_2_17_i686.manylinux2014_i686.whl", hash = "sha256:192c608ad002a748e4a0bed2ddbcd98f9b56df50a7c24d9a931a8c5dd053bd3d"},
    {file = "pydantic-1.10.11-cp38-cp38-musllinux_1_1_i686.whl", hash = "sha256:ef55392ec4bb5721f4ded1096241e4b7151ba6d50a50a80a2526c854f42e6a2f"},
    {file = "pydantic-1.10.11-cp38-cp38-musllinux_1_1_x86_64.whl", hash = "sha256:41e0bb6efe86281623abbeeb0be64eab740c865388ee934cd3e6a358784aca6e"},
    {file = "pydantic-1.10.11-cp38-cp38-win_amd64.whl", hash = "sha256:265a60da42f9f27e0b1014eab8acd3e53bd0bad5c5b4884e98a55f8f596b2c19"},
    {file = "pydantic-1.10.11-cp39-cp39-macosx_10_9_x86_64.whl", hash = "sha256:469adf96c8e2c2bbfa655fc7735a2a82f4c543d9fee97bd113a7fb509bf5e622"},
    {file = "pydantic-1.10.11-cp39-cp39-macosx_11_0_arm64.whl", hash = "sha256:e6cbfbd010b14c8a905a7b10f9fe090068d1744d46f9e0c021db28daeb8b6de1"},
    {file = "pydantic-1.10.11-cp39-cp39-manylinux_2_17_x86_64.manylinux2014_x86_64.whl", hash = "sha256:abade85268cc92dff86d6effcd917893130f0ff516f3d637f50dadc22ae93999"},
    {file = "pydantic-1.10.11-cp39-cp39-manylinux_2_5_i686.manylinux1_i686.manylinux_2_17_i686.manylinux2014_i686.whl", hash = "sha256:e9738b0f2e6c70f44ee0de53f2089d6002b10c33264abee07bdb5c7f03038303"},
    {file = "pydantic-1.10.11-cp39-cp39-musllinux_1_1_i686.whl", hash = "sha256:787cf23e5a0cde753f2eabac1b2e73ae3844eb873fd1f5bdbff3048d8dbb7604"},
    {file = "pydantic-1.10.11-cp39-cp39-musllinux_1_1_x86_64.whl", hash = "sha256:174899023337b9fc685ac8adaa7b047050616136ccd30e9070627c1aaab53a13"},
    {file = "pydantic-1.10.11-cp39-cp39-win_amd64.whl", hash = "sha256:1954f8778489a04b245a1e7b8b22a9d3ea8ef49337285693cf6959e4b757535e"},
    {file = "pydantic-1.10.11-py3-none-any.whl", hash = "sha256:008c5e266c8aada206d0627a011504e14268a62091450210eda7c07fabe6963e"},
    {file = "pydantic-1.10.11.tar.gz", hash = "sha256:f66d479cf7eb331372c470614be6511eae96f1f120344c25f3f9bb59fb1b5528"},
]

[package.dependencies]
typing-extensions = ">=4.2.0"

[package.extras]
dotenv = ["python-dotenv (>=0.10.4)"]
email = ["email-validator (>=1.0.3)"]

[[package]]
name = "pyjwt"
version = "2.7.0"
description = "JSON Web Token implementation in Python"
optional = false
python-versions = ">=3.7"
files = [
    {file = "PyJWT-2.7.0-py3-none-any.whl", hash = "sha256:ba2b425b15ad5ef12f200dc67dd56af4e26de2331f965c5439994dad075876e1"},
    {file = "PyJWT-2.7.0.tar.gz", hash = "sha256:bd6ca4a3c4285c1a2d4349e5a035fdf8fb94e04ccd0fcbe6ba289dae9cc3e074"},
]

[package.extras]
crypto = ["cryptography (>=3.4.0)"]
dev = ["coverage[toml] (==5.0.4)", "cryptography (>=3.4.0)", "pre-commit", "pytest (>=6.0.0,<7.0.0)", "sphinx (>=4.5.0,<5.0.0)", "sphinx-rtd-theme", "zope.interface"]
docs = ["sphinx (>=4.5.0,<5.0.0)", "sphinx-rtd-theme", "zope.interface"]
tests = ["coverage[toml] (==5.0.4)", "pytest (>=6.0.0,<7.0.0)"]

[[package]]
name = "sniffio"
version = "1.3.0"
description = "Sniff out which async library your code is running under"
optional = false
python-versions = ">=3.7"
files = [
    {file = "sniffio-1.3.0-py3-none-any.whl", hash = "sha256:eecefdce1e5bbfb7ad2eeaabf7c1eeb404d7757c379bd1f7e5cce9d8bf425384"},
    {file = "sniffio-1.3.0.tar.gz", hash = "sha256:e60305c5e5d314f5389259b7f22aaa33d8f7dee49763119234af3755c55b9101"},
]

[[package]]
name = "sqlalchemy"
version = "2.0.18"
description = "Database Abstraction Library"
optional = false
python-versions = ">=3.7"
files = [
    {file = "SQLAlchemy-2.0.18-cp310-cp310-macosx_10_9_x86_64.whl", hash = "sha256:7ddd6d35c598af872f9a0a5bce7f7c4a1841684a72dab3302e3df7f17d1b5249"},
    {file = "SQLAlchemy-2.0.18-cp310-cp310-macosx_11_0_arm64.whl", hash = "sha256:00aa050faf24ce5f2af643e2b86822fa1d7149649995f11bc1e769bbfbf9010b"},
    {file = "SQLAlchemy-2.0.18-cp310-cp310-manylinux_2_17_aarch64.manylinux2014_aarch64.whl", hash = "sha256:b52c6741073de5a744d27329f9803938dcad5c9fee7e61690c705f72973f4175"},
    {file = "SQLAlchemy-2.0.18-cp310-cp310-manylinux_2_17_x86_64.manylinux2014_x86_64.whl", hash = "sha256:7db97eabd440327c35b751d5ebf78a107f505586485159bcc87660da8bb1fdca"},
    {file = "SQLAlchemy-2.0.18-cp310-cp310-musllinux_1_1_aarch64.whl", hash = "sha256:589aba9a35869695b319ed76c6f673d896cd01a7ff78054be1596df7ad9b096f"},
    {file = "SQLAlchemy-2.0.18-cp310-cp310-musllinux_1_1_x86_64.whl", hash = "sha256:9da4ee8f711e077633730955c8f3cd2485c9abf5ea0f80aac23221a3224b9a8c"},
    {file = "SQLAlchemy-2.0.18-cp310-cp310-win32.whl", hash = "sha256:5dd574a37be388512c72fe0d7318cb8e31743a9b2699847a025e0c08c5bf579d"},
    {file = "SQLAlchemy-2.0.18-cp310-cp310-win_amd64.whl", hash = "sha256:6852cd34d96835e4c9091c1e6087325efb5b607b75fd9f7075616197d1c4688a"},
    {file = "SQLAlchemy-2.0.18-cp311-cp311-macosx_10_9_x86_64.whl", hash = "sha256:10e001a84f820fea2640e4500e12322b03afc31d8f4f6b813b44813b2a7c7e0d"},
    {file = "SQLAlchemy-2.0.18-cp311-cp311-macosx_11_0_arm64.whl", hash = "sha256:bffd6cd47c2e68970039c0d3e355c9ed761d3ca727b204e63cd294cad0e3df90"},
    {file = "SQLAlchemy-2.0.18-cp311-cp311-manylinux_2_17_aarch64.manylinux2014_aarch64.whl", hash = "sha256:8b7b3ebfa9416c8eafaffa65216e229480c495e305a06ba176dcac32710744e6"},
    {file = "SQLAlchemy-2.0.18-cp311-cp311-manylinux_2_17_x86_64.manylinux2014_x86_64.whl", hash = "sha256:79228a7b90d95957354f37b9d46f2cc8926262ae17b0d3ed8f36c892f2a37e06"},
    {file = "SQLAlchemy-2.0.18-cp311-cp311-musllinux_1_1_aarch64.whl", hash = "sha256:ba633b51835036ff0f402c21f3ff567c565a22ff0a5732b060a68f4660e2a38f"},
    {file = "SQLAlchemy-2.0.18-cp311-cp311-musllinux_1_1_x86_64.whl", hash = "sha256:8da677135eff43502b7afab5a1e641edfb2dc734ba7fc146e9b1b86817a728e2"},
    {file = "SQLAlchemy-2.0.18-cp311-cp311-win32.whl", hash = "sha256:82edf3a6090554a83942cec79151d6b5eb96e63d143e80e4cf6671e5d772f6be"},
    {file = "SQLAlchemy-2.0.18-cp311-cp311-win_amd64.whl", hash = "sha256:69ae0e9509c43474e33152abe1385b8954922544616426bf793481e1a37e094f"},
    {file = "SQLAlchemy-2.0.18-cp37-cp37m-macosx_10_9_x86_64.whl", hash = "sha256:09397a18733fa2a4c7680b746094f980060666ee549deafdb5e102a99ce4619b"},
    {file = "SQLAlchemy-2.0.18-cp37-cp37m-manylinux_2_17_aarch64.manylinux2014_aarch64.whl", hash = "sha256:45b07470571bda5ee7f5ec471271bbde97267cc8403fce05e280c36ea73f4754"},
    {file = "SQLAlchemy-2.0.18-cp37-cp37m-manylinux_2_17_x86_64.manylinux2014_x86_64.whl", hash = "sha256:1aac42a21a7fa6c9665392c840b295962992ddf40aecf0a88073bc5c76728117"},
    {file = "SQLAlchemy-2.0.18-cp37-cp37m-musllinux_1_1_aarch64.whl", hash = "sha256:da46beef0ce882546d92b7b2e8deb9e04dbb8fec72945a8eb28b347ca46bc15a"},
    {file = "SQLAlchemy-2.0.18-cp37-cp37m-musllinux_1_1_x86_64.whl", hash = "sha256:a6f1d8256d06f58e6ece150fbe05c63c7f9510df99ee8ac37423f5476a2cebb4"},
    {file = "SQLAlchemy-2.0.18-cp37-cp37m-win32.whl", hash = "sha256:67fbb40db3985c0cfb942fe8853ad94a5e9702d2987dec03abadc2f3b6a24afb"},
    {file = "SQLAlchemy-2.0.18-cp37-cp37m-win_amd64.whl", hash = "sha256:afb322ca05e2603deedbcd2e9910f11a3fd2f42bdeafe63018e5641945c7491c"},
    {file = "SQLAlchemy-2.0.18-cp38-cp38-macosx_10_9_x86_64.whl", hash = "sha256:908c850b98cac1e203ababd4ba76868d19ae0d7172cdc75d3f1b7829b16837d2"},
    {file = "SQLAlchemy-2.0.18-cp38-cp38-macosx_11_0_arm64.whl", hash = "sha256:10514adc41fc8f5922728fbac13d401a1aefcf037f009e64ca3b92464e33bf0e"},
    {file = "SQLAlchemy-2.0.18-cp38-cp38-manylinux_2_17_aarch64.manylinux2014_aarch64.whl", hash = "sha256:2b791577c546b6bbd7b43953565fcb0a2fec63643ad605353dd48afbc3c48317"},
    {file = "SQLAlchemy-2.0.18-cp38-cp38-manylinux_2_17_x86_64.manylinux2014_x86_64.whl", hash = "sha256:420bc6d06d4ae7fb6921524334689eebcbea7bf2005efef070a8562cc9527a37"},
    {file = "SQLAlchemy-2.0.18-cp38-cp38-musllinux_1_1_aarch64.whl", hash = "sha256:ebdd2418ab4e2e26d572d9a1c03877f8514a9b7436729525aa571862507b3fea"},
    {file = "SQLAlchemy-2.0.18-cp38-cp38-musllinux_1_1_x86_64.whl", hash = "sha256:556dc18e39b6edb76239acfd1c010e37395a54c7fde8c57481c15819a3ffb13e"},
    {file = "SQLAlchemy-2.0.18-cp38-cp38-win32.whl", hash = "sha256:7b8cba5a25e95041e3413d91f9e50616bcfaec95afa038ce7dc02efefe576745"},
    {file = "SQLAlchemy-2.0.18-cp38-cp38-win_amd64.whl", hash = "sha256:0f7fdcce52cd882b559a57b484efc92e108efeeee89fab6b623aba1ac68aad2e"},
    {file = "SQLAlchemy-2.0.18-cp39-cp39-macosx_10_9_x86_64.whl", hash = "sha256:d7a2c1e711ce59ac9d0bba780318bcd102d2958bb423209f24c6354d8c4da930"},
    {file = "SQLAlchemy-2.0.18-cp39-cp39-macosx_11_0_arm64.whl", hash = "sha256:5c95e3e7cc6285bf7ff263eabb0d3bfe3def9a1ff98124083d45e5ece72f4579"},
    {file = "SQLAlchemy-2.0.18-cp39-cp39-manylinux_2_17_aarch64.manylinux2014_aarch64.whl", hash = "sha256:fc44e50f9d5e96af1a561faa36863f9191f27364a4df3eb70bca66e9370480b6"},
    {file = "SQLAlchemy-2.0.18-cp39-cp39-manylinux_2_17_x86_64.manylinux2014_x86_64.whl", hash = "sha256:bfa1a0f83bdf8061db8d17c2029454722043f1e4dd1b3d3d3120d1b54e75825a"},
    {file = "SQLAlchemy-2.0.18-cp39-cp39-musllinux_1_1_aarch64.whl", hash = "sha256:194f2d5a7cb3739875c4d25b3fe288ab0b3dc33f7c857ba2845830c8c51170a0"},
    {file = "SQLAlchemy-2.0.18-cp39-cp39-musllinux_1_1_x86_64.whl", hash = "sha256:4ebc542d2289c0b016d6945fd07a7e2e23f4abc41e731ac8ad18a9e0c2fd0ec2"},
    {file = "SQLAlchemy-2.0.18-cp39-cp39-win32.whl", hash = "sha256:774bd401e7993452ba0596e741c0c4d6d22f882dd2a798993859181dbffadc62"},
    {file = "SQLAlchemy-2.0.18-cp39-cp39-win_amd64.whl", hash = "sha256:2756485f49e7df5c2208bdc64263d19d23eba70666f14ad12d6d8278a2fff65f"},
    {file = "SQLAlchemy-2.0.18-py3-none-any.whl", hash = "sha256:6c5bae4c288bda92a7550fe8de9e068c0a7cd56b1c5d888aae5b40f0e13b40bd"},
    {file = "SQLAlchemy-2.0.18.tar.gz", hash = "sha256:1fb792051db66e09c200e7bc3bda3b1eb18a5b8eb153d2cedb2b14b56a68b8cb"},
]

[package.dependencies]
greenlet = {version = "!=0.4.17", markers = "platform_machine == \"win32\" or platform_machine == \"WIN32\" or platform_machine == \"AMD64\" or platform_machine == \"amd64\" or platform_machine == \"x86_64\" or platform_machine == \"ppc64le\" or platform_machine == \"aarch64\""}
typing-extensions = ">=4.2.0"

[package.extras]
aiomysql = ["aiomysql", "greenlet (!=0.4.17)"]
aiosqlite = ["aiosqlite", "greenlet (!=0.4.17)", "typing-extensions (!=3.10.0.1)"]
asyncio = ["greenlet (!=0.4.17)"]
asyncmy = ["asyncmy (>=0.2.3,!=0.2.4,!=0.2.6)", "greenlet (!=0.4.17)"]
mariadb-connector = ["mariadb (>=1.0.1,!=1.1.2,!=1.1.5)"]
mssql = ["pyodbc"]
mssql-pymssql = ["pymssql"]
mssql-pyodbc = ["pyodbc"]
mypy = ["mypy (>=0.910)"]
mysql = ["mysqlclient (>=1.4.0)"]
mysql-connector = ["mysql-connector-python"]
oracle = ["cx-oracle (>=7)"]
oracle-oracledb = ["oracledb (>=1.0.1)"]
postgresql = ["psycopg2 (>=2.7)"]
postgresql-asyncpg = ["asyncpg", "greenlet (!=0.4.17)"]
postgresql-pg8000 = ["pg8000 (>=1.29.1)"]
postgresql-psycopg = ["psycopg (>=3.0.7)"]
postgresql-psycopg2binary = ["psycopg2-binary"]
postgresql-psycopg2cffi = ["psycopg2cffi"]
postgresql-psycopgbinary = ["psycopg[binary] (>=3.0.7)"]
pymysql = ["pymysql"]
sqlcipher = ["sqlcipher3-binary"]

[[package]]
name = "sqlalchemy-utils"
version = "0.41.1"
description = "Various utility functions for SQLAlchemy."
optional = false
python-versions = ">=3.6"
files = [
    {file = "SQLAlchemy-Utils-0.41.1.tar.gz", hash = "sha256:a2181bff01eeb84479e38571d2c0718eb52042f9afd8c194d0d02877e84b7d74"},
    {file = "SQLAlchemy_Utils-0.41.1-py3-none-any.whl", hash = "sha256:6c96b0768ea3f15c0dc56b363d386138c562752b84f647fb8d31a2223aaab801"},
]

[package.dependencies]
SQLAlchemy = ">=1.3"

[package.extras]
arrow = ["arrow (>=0.3.4)"]
babel = ["Babel (>=1.3)"]
color = ["colour (>=0.0.4)"]
encrypted = ["cryptography (>=0.6)"]
intervals = ["intervals (>=0.7.1)"]
password = ["passlib (>=1.6,<2.0)"]
pendulum = ["pendulum (>=2.0.5)"]
phone = ["phonenumbers (>=5.9.2)"]
test = ["Jinja2 (>=2.3)", "Pygments (>=1.2)", "backports.zoneinfo", "docutils (>=0.10)", "flake8 (>=2.4.0)", "flexmock (>=0.9.7)", "isort (>=4.2.2)", "pg8000 (>=1.12.4)", "psycopg (>=3.1.8)", "psycopg2 (>=2.5.1)", "psycopg2cffi (>=2.8.1)", "pymysql", "pyodbc", "pytest (>=2.7.1)", "python-dateutil (>=2.6)", "pytz (>=2014.2)"]
test-all = ["Babel (>=1.3)", "Jinja2 (>=2.3)", "Pygments (>=1.2)", "arrow (>=0.3.4)", "backports.zoneinfo", "colour (>=0.0.4)", "cryptography (>=0.6)", "docutils (>=0.10)", "flake8 (>=2.4.0)", "flexmock (>=0.9.7)", "furl (>=0.4.1)", "intervals (>=0.7.1)", "isort (>=4.2.2)", "passlib (>=1.6,<2.0)", "pendulum (>=2.0.5)", "pg8000 (>=1.12.4)", "phonenumbers (>=5.9.2)", "psycopg (>=3.1.8)", "psycopg2 (>=2.5.1)", "psycopg2cffi (>=2.8.1)", "pymysql", "pyodbc", "pytest (>=2.7.1)", "python-dateutil", "python-dateutil (>=2.6)", "pytz (>=2014.2)"]
timezone = ["python-dateutil"]
url = ["furl (>=0.4.1)"]

[[package]]
name = "starlette"
version = "0.27.0"
description = "The little ASGI library that shines."
optional = false
python-versions = ">=3.7"
files = [
    {file = "starlette-0.27.0-py3-none-any.whl", hash = "sha256:918416370e846586541235ccd38a474c08b80443ed31c578a418e2209b3eef91"},
    {file = "starlette-0.27.0.tar.gz", hash = "sha256:6a6b0d042acb8d469a01eba54e9cda6cbd24ac602c4cd016723117d6a7e73b75"},
]

[package.dependencies]
anyio = ">=3.4.0,<5"

[package.extras]
full = ["httpx (>=0.22.0)", "itsdangerous", "jinja2", "python-multipart", "pyyaml"]

[[package]]
name = "typing-extensions"
version = "4.7.1"
description = "Backported and Experimental Type Hints for Python 3.7+"
optional = false
python-versions = ">=3.7"
files = [
    {file = "typing_extensions-4.7.1-py3-none-any.whl", hash = "sha256:440d5dd3af93b060174bf433bccd69b0babc3b15b1a8dca43789fd7f61514b36"},
    {file = "typing_extensions-4.7.1.tar.gz", hash = "sha256:b75ddc264f0ba5615db7ba217daeb99701ad295353c45f9e95963337ceeeffb2"},
]

[[package]]
name = "uvicorn"
version = "0.22.0"
description = "The lightning-fast ASGI server."
optional = false
python-versions = ">=3.7"
files = [
    {file = "uvicorn-0.22.0-py3-none-any.whl", hash = "sha256:e9434d3bbf05f310e762147f769c9f21235ee118ba2d2bf1155a7196448bd996"},
    {file = "uvicorn-0.22.0.tar.gz", hash = "sha256:79277ae03db57ce7d9aa0567830bbb51d7a612f54d6e1e3e92da3ef24c2c8ed8"},
]

[package.dependencies]
click = ">=7.0"
h11 = ">=0.8"

[package.extras]
standard = ["colorama (>=0.4)", "httptools (>=0.5.0)", "python-dotenv (>=0.13)", "pyyaml (>=5.1)", "uvloop (>=0.14.0,!=0.15.0,!=0.15.1)", "watchfiles (>=0.13)", "websockets (>=10.4)"]

[metadata]
lock-version = "2.0"
python-versions = "^3.10"
content-hash = "c954ab4dba57a7e89d6957d90823ac37f106b83ff928ea08d6bb3cd82f79c551"
